
Microsoft Visual Studio Solution File, Format Version 12.00
# Visual Studio Version 17
VisualStudioVersion = 17.3.32811.315
MinimumVisualStudioVersion = 10.0.40219.1
Project("{FAE04EC0-301F-11D3-BF4B-00C04F79EFBC}") = "MemoEngineCore", "MemoEngineCore\MemoEngineCore.csproj", "{B88E0569-CBA3-4933-A04C-CD0BF50FCCEB}"
EndProject
Project("{2150E333-8FDC-42A3-9474-1A3956D46DE8}") = "AspNetCoreBook", "AspNetCoreBook", "{E46725E2-686A-4EB6-AE68-775A75C8D4A7}"
EndProject
Project("{2150E333-8FDC-42A3-9474-1A3956D46DE8}") = "01_VisualStudio", "01_VisualStudio", "{FE57FE58-85B2-4F1B-A22A-53D19B455C8C}"
EndProject
Project("{9A19103F-16F7-4668-BE54-9A1E7A4F7556}") = "HelloWorldNetCore", "HelloWorldNetCore\HelloWorldNetCore.csproj", "{0C939804-C30D-41D6-87AE-325D93274972}"
EndProject
Project("{9A19103F-16F7-4668-BE54-9A1E7A4F7556}") = "HelloWorldNetCoreWithCode", "HelloWorldNetCoreWithCode\HelloWorldNetCoreWithCode.csproj", "{DCE8AFAB-8E3F-49E7-828A-E3F8A1C9B4E5}"
EndProject
Project("{FAE04EC0-301F-11D3-BF4B-00C04F79EFBC}") = "HelloWorldNetFramework", "HelloWorldNetFramework\HelloWorldNetFramework.csproj", "{61433E8E-B725-4FE6-8B4D-2F371E6345AE}"
EndProject
Project("{2150E333-8FDC-42A3-9474-1A3956D46DE8}") = "02_AspNet", "02_AspNet", "{32E97B35-406F-4228-9006-969C33DFBDB8}"
EndProject
Project("{FAE04EC0-301F-11D3-BF4B-00C04F79EFBC}") = "DevHelloWorld", "DevHelloWorld\DevHelloWorld.csproj", "{DB0A2ACA-3FBD-4752-8B2E-D470B9F5DEF4}"
EndProject
Project("{2150E333-8FDC-42A3-9474-1A3956D46DE8}") = "03_WebForms", "03_WebForms", "{C9C3291E-8F39-4119-8263-F84D6D60BF14}"
EndProject
Project("{FAE04EC0-301F-11D3-BF4B-00C04F79EFBC}") = "DevASPNET", "DevASPNET\DevASPNET.csproj", "{CBDC574F-0EBC-42B5-9C66-0A3B730FB057}"
EndProject
Project("{FAE04EC0-301F-11D3-BF4B-00C04F79EFBC}") = "DevWindowsForms", "DevWindowsForms\DevWindowsForms.csproj", "{1A57E80C-A672-4022-8937-269B59F34695}"
EndProject
Global
	GlobalSection(SolutionConfigurationPlatforms) = preSolution
		Debug|Any CPU = Debug|Any CPU
		Release|Any CPU = Release|Any CPU
	EndGlobalSection
	GlobalSection(ProjectConfigurationPlatforms) = postSolution
		{B88E0569-CBA3-4933-A04C-CD0BF50FCCEB}.Debug|Any CPU.ActiveCfg = Debug|Any CPU
		{B88E0569-CBA3-4933-A04C-CD0BF50FCCEB}.Debug|Any CPU.Build.0 = Debug|Any CPU
		{B88E0569-CBA3-4933-A04C-CD0BF50FCCEB}.Release|Any CPU.ActiveCfg = Release|Any CPU
		{B88E0569-CBA3-4933-A04C-CD0BF50FCCEB}.Release|Any CPU.Build.0 = Release|Any CPU
		{0C939804-C30D-41D6-87AE-325D93274972}.Debug|Any CPU.ActiveCfg = Debug|Any CPU
		{0C939804-C30D-41D6-87AE-325D93274972}.Debug|Any CPU.Build.0 = Debug|Any CPU
		{0C939804-C30D-41D6-87AE-325D93274972}.Release|Any CPU.ActiveCfg = Release|Any CPU
		{0C939804-C30D-41D6-87AE-325D93274972}.Release|Any CPU.Build.0 = Release|Any CPU
		{DCE8AFAB-8E3F-49E7-828A-E3F8A1C9B4E5}.Debug|Any CPU.ActiveCfg = Debug|Any CPU
		{DCE8AFAB-8E3F-49E7-828A-E3F8A1C9B4E5}.Debug|Any CPU.Build.0 = Debug|Any CPU
		{DCE8AFAB-8E3F-49E7-828A-E3F8A1C9B4E5}.Release|Any CPU.ActiveCfg = Release|Any CPU
		{DCE8AFAB-8E3F-49E7-828A-E3F8A1C9B4E5}.Release|Any CPU.Build.0 = Release|Any CPU
		{61433E8E-B725-4FE6-8B4D-2F371E6345AE}.Debug|Any CPU.ActiveCfg = Debug|Any CPU
		{61433E8E-B725-4FE6-8B4D-2F371E6345AE}.Debug|Any CPU.Build.0 = Debug|Any CPU
		{61433E8E-B725-4FE6-8B4D-2F371E6345AE}.Release|Any CPU.ActiveCfg = Release|Any CPU
		{61433E8E-B725-4FE6-8B4D-2F371E6345AE}.Release|Any CPU.Build.0 = Release|Any CPU
		{DB0A2ACA-3FBD-4752-8B2E-D470B9F5DEF4}.Debug|Any CPU.ActiveCfg = Debug|Any CPU
		{DB0A2ACA-3FBD-4752-8B2E-D470B9F5DEF4}.Debug|Any CPU.Build.0 = Debug|Any CPU
		{DB0A2ACA-3FBD-4752-8B2E-D470B9F5DEF4}.Release|Any CPU.ActiveCfg = Release|Any CPU
		{DB0A2ACA-3FBD-4752-8B2E-D470B9F5DEF4}.Release|Any CPU.Build.0 = Release|Any CPU
		{CBDC574F-0EBC-42B5-9C66-0A3B730FB057}.Debug|Any CPU.ActiveCfg = Debug|Any CPU
		{CBDC574F-0EBC-42B5-9C66-0A3B730FB057}.Debug|Any CPU.Build.0 = Debug|Any CPU
		{CBDC574F-0EBC-42B5-9C66-0A3B730FB057}.Release|Any CPU.ActiveCfg = Release|Any CPU
		{CBDC574F-0EBC-42B5-9C66-0A3B730FB057}.Release|Any CPU.Build.0 = Release|Any CPU
		{1A57E80C-A672-4022-8937-269B59F34695}.Debug|Any CPU.ActiveCfg = Debug|Any CPU
		{1A57E80C-A672-4022-8937-269B59F34695}.Debug|Any CPU.Build.0 = Debug|Any CPU
		{1A57E80C-A672-4022-8937-269B59F34695}.Release|Any CPU.ActiveCfg = Release|Any CPU
		{1A57E80C-A672-4022-8937-269B59F34695}.Release|Any CPU.Build.0 = Release|Any CPU
	EndGlobalSection
	GlobalSection(SolutionProperties) = preSolution
		HideSolutionNode = FALSE
	EndGlobalSection
	GlobalSection(NestedProjects) = preSolution
		{FE57FE58-85B2-4F1B-A22A-53D19B455C8C} = {E46725E2-686A-4EB6-AE68-775A75C8D4A7}
		{0C939804-C30D-41D6-87AE-325D93274972} = {FE57FE58-85B2-4F1B-A22A-53D19B455C8C}
		{DCE8AFAB-8E3F-49E7-828A-E3F8A1C9B4E5} = {FE57FE58-85B2-4F1B-A22A-53D19B455C8C}
		{61433E8E-B725-4FE6-8B4D-2F371E6345AE} = {FE57FE58-85B2-4F1B-A22A-53D19B455C8C}
		{32E97B35-406F-4228-9006-969C33DFBDB8} = {E46725E2-686A-4EB6-AE68-775A75C8D4A7}
		{DB0A2ACA-3FBD-4752-8B2E-D470B9F5DEF4} = {32E97B35-406F-4228-9006-969C33DFBDB8}
		{C9C3291E-8F39-4119-8263-F84D6D60BF14} = {E46725E2-686A-4EB6-AE68-775A75C8D4A7}
		{CBDC574F-0EBC-42B5-9C66-0A3B730FB057} = {C9C3291E-8F39-4119-8263-F84D6D60BF14}
		{1A57E80C-A672-4022-8937-269B59F34695} = {C9C3291E-8F39-4119-8263-F84D6D60BF14}
	EndGlobalSection
	GlobalSection(ExtensibilityGlobals) = postSolution
		SolutionGuid = {DBD5032D-751E-4AB1-8C34-CF84AE8DB34D}
	EndGlobalSection
EndGlobal
